
Microsoft Visual Studio Solution File, Format Version 12.00
# Visual Studio Version 17
VisualStudioVersion = 17.4.33213.308
MinimumVisualStudioVersion = 10.0.40219.1
Project("{FAE04EC0-301F-11D3-BF4B-00C04F79EFBC}") = "Tehtävä 17", "Tehtävä 17\Tehtävä 17.csproj", "{77603414-2FF7-4400-BAE7-B15BC054584C}"
EndProject
Global
	GlobalSection(SolutionConfigurationPlatforms) = preSolution
		Debug|Any CPU = Debug|Any CPU
		Release|Any CPU = Release|Any CPU
	EndGlobalSection
	GlobalSection(ProjectConfigurationPlatforms) = postSolution
		{77603414-2FF7-4400-BAE7-B15BC054584C}.Debug|Any CPU.ActiveCfg = Debug|Any CPU
		{77603414-2FF7-4400-BAE7-B15BC054584C}.Debug|Any CPU.Build.0 = Debug|Any CPU
		{77603414-2FF7-4400-BAE7-B15BC054584C}.Release|Any CPU.ActiveCfg = Release|Any CPU
		{77603414-2FF7-4400-BAE7-B15BC054584C}.Release|Any CPU.Build.0 = Release|Any CPU
	EndGlobalSection
	GlobalSection(SolutionProperties) = preSolution
		HideSolutionNode = FALSE
	EndGlobalSection
	GlobalSection(ExtensibilityGlobals) = postSolution
		SolutionGuid = {C5B10D3D-C950-4CAE-8D58-39E65C63E56E}
	EndGlobalSection
EndGlobal
